Microsoft Visual Studio Solution File, Format Version 12.00
# Visual Studio Version 17
VisualStudioVersion = 17.11.35327.3
MinimumVisualStudioVersion = 10.0.40219.1
Project("{9A19103F-16F7-4668-BE54-9A1E7A4F7556}") = "NutriFit.AppHost", "NutriFit.AppHost\NutriFit.AppHost.csproj", "{A45271F0-D1F7-4280-AD1C-374430D786E1}"
EndProject
Project("{9A19103F-16F7-4668-BE54-9A1E7A4F7556}") = "NutriFit.ServiceDefaults", "NutriFit.ServiceDefaults\NutriFit.ServiceDefaults.csproj", "{2C92E641-B018-4B40-93AE-C7D5EAE93514}"
EndProject
Project("{9A19103F-16F7-4668-BE54-9A1E7A4F7556}") = "NutriFit.ApiService", "NutriFit.ApiService\NutriFit.ApiService.csproj", "{1EE88A9B-3CC5-4B00-BE9C-D4C6FD7C4C34}"
EndProject
Project("{9A19103F-16F7-4668-BE54-9A1E7A4F7556}") = "NutriFit.Web", "NutriFit.Web\NutriFit.Web.csproj", "{E3E4FBB0-C9EB-45C6-AA45-2227DE7C938A}"
EndProject
Project("{9A19103F-16F7-4668-BE54-9A1E7A4F7556}") = "NutriFit.Tests", "NutriFit.Tests\NutriFit.Tests.csproj", "{B238353D-73E0-4A17-90C9-F4B3626A0D0F}"
EndProject
Project("{2150E333-8FDC-42A3-9474-1A3956D46DE8}") = "Modules", "Modules", "{A7A078CD-1303-4A87-B4F5-94D3113F7AFE}"
EndProject
Project("{9A19103F-16F7-4668-BE54-9A1E7A4F7556}") = "NutriFit.MigrationsService", "NutriFit.MigrationsService\NutriFit.MigrationsService.csproj", "{28E5CDD2-259B-435D-AEF4-C18E37186484}"
EndProject
Global
	GlobalSection(SolutionConfigurationPlatforms) = preSolution
		Debug|Any CPU = Debug|Any CPU
		Release|Any CPU = Release|Any CPU
	EndGlobalSection
	GlobalSection(ProjectConfigurationPlatforms) = postSolution
		{A45271F0-D1F7-4280-AD1C-374430D786E1}.Debug|Any CPU.ActiveCfg = Debug|Any CPU
		{A45271F0-D1F7-4280-AD1C-374430D786E1}.Debug|Any CPU.Build.0 = Debug|Any CPU
		{A45271F0-D1F7-4280-AD1C-374430D786E1}.Release|Any CPU.ActiveCfg = Release|Any CPU
		{A45271F0-D1F7-4280-AD1C-374430D786E1}.Release|Any CPU.Build.0 = Release|Any CPU
		{2C92E641-B018-4B40-93AE-C7D5EAE93514}.Debug|Any CPU.ActiveCfg = Debug|Any CPU
		{2C92E641-B018-4B40-93AE-C7D5EAE93514}.Debug|Any CPU.Build.0 = Debug|Any CPU
		{2C92E641-B018-4B40-93AE-C7D5EAE93514}.Release|Any CPU.ActiveCfg = Release|Any CPU
		{2C92E641-B018-4B40-93AE-C7D5EAE93514}.Release|Any CPU.Build.0 = Release|Any CPU
		{1EE88A9B-3CC5-4B00-BE9C-D4C6FD7C4C34}.Debug|Any CPU.ActiveCfg = Debug|Any CPU
		{1EE88A9B-3CC5-4B00-BE9C-D4C6FD7C4C34}.Debug|Any CPU.Build.0 = Debug|Any CPU
		{1EE88A9B-3CC5-4B00-BE9C-D4C6FD7C4C34}.Release|Any CPU.ActiveCfg = Release|Any CPU
		{1EE88A9B-3CC5-4B00-BE9C-D4C6FD7C4C34}.Release|Any CPU.Build.0 = Release|Any CPU
		{E3E4FBB0-C9EB-45C6-AA45-2227DE7C938A}.Debug|Any CPU.ActiveCfg = Debug|Any CPU
		{E3E4FBB0-C9EB-45C6-AA45-2227DE7C938A}.Debug|Any CPU.Build.0 = Debug|Any CPU
		{E3E4FBB0-C9EB-45C6-AA45-2227DE7C938A}.Release|Any CPU.ActiveCfg = Release|Any CPU
		{E3E4FBB0-C9EB-45C6-AA45-2227DE7C938A}.Release|Any CPU.Build.0 = Release|Any CPU
		{B238353D-73E0-4A17-90C9-F4B3626A0D0F}.Debug|Any CPU.ActiveCfg = Debug|Any CPU
		{B238353D-73E0-4A17-90C9-F4B3626A0D0F}.Debug|Any CPU.Build.0 = Debug|Any CPU
		{B238353D-73E0-4A17-90C9-F4B3626A0D0F}.Release|Any CPU.ActiveCfg = Release|Any CPU
		{B238353D-73E0-4A17-90C9-F4B3626A0D0F}.Release|Any CPU.Build.0 = Release|Any CPU
		{28E5CDD2-259B-435D-AEF4-C18E37186484}.Debug|Any CPU.ActiveCfg = Debug|Any CPU
		{28E5CDD2-259B-435D-AEF4-C18E37186484}.Debug|Any CPU.Build.0 = Debug|Any CPU
		{28E5CDD2-259B-435D-AEF4-C18E37186484}.Release|Any CPU.ActiveCfg = Release|Any CPU
		{28E5CDD2-259B-435D-AEF4-C18E37186484}.Release|Any CPU.Build.0 = Release|Any CPU
	EndGlobalSection
	GlobalSection(SolutionProperties) = preSolution
		HideSolutionNode = FALSE
	EndGlobalSection
	GlobalSection(ExtensibilityGlobals) = postSolution
		SolutionGuid = {CCE22833-D577-4787-98D6-654AFE31E7DA}
	EndGlobalSection
EndGlobal
