
Microsoft Visual Studio Solution File, Format Version 12.00
# Visual Studio Version 17
VisualStudioVersion = 17.12.35707.178
MinimumVisualStudioVersion = 10.0.40219.1
Project("{FAE04EC0-301F-11D3-BF4B-00C04F79EFBC}") = "NutriFit.AppHost", "NutriFit.AppHost\NutriFit.AppHost.csproj", "{3C447FF4-F51F-450E-AE96-FFFD6EE6DC6B}"
EndProject
Project("{FAE04EC0-301F-11D3-BF4B-00C04F79EFBC}") = "NutriFit.ServiceDefaults", "NutriFit.ServiceDefaults\NutriFit.ServiceDefaults.csproj", "{3089D5B5-D6C1-4B8D-8340-98C524468BEE}"
EndProject
Project("{2150E333-8FDC-42A3-9474-1A3956D46DE8}") = "Clients", "Clients", "{0DF4E28C-A6DB-40B5-AA01-A41214C264EC}"
EndProject
Project("{2150E333-8FDC-42A3-9474-1A3956D46DE8}") = "Web", "Web", "{BFEE1042-794F-4B3F-A7A1-ED7775D75C9D}"
EndProject
Project("{2150E333-8FDC-42A3-9474-1A3956D46DE8}") = "Angular", "Angular", "{FB60A323-F7D2-491E-8F8D-17CD926AF054}"
EndProject
Project("{54A90642-561A-4BB1-A94E-469ADEE60C69}") = "NutriFit.Web.Angular", "Nutrifit.Web.Angular\NutriFit.Web.Angular.esproj", "{C37F7503-A6C6-4BA3-9046-D1E05A023F38}"
EndProject
Project("{FAE04EC0-301F-11D3-BF4B-00C04F79EFBC}") = "NutriFit.Web.Angular.BackendForFrontend", "NutriFit.Web.Angular.BackendForFrontend\NutriFit.Web.Angular.BackendForFrontend.csproj", "{76A4BC08-C21D-49F1-8BE7-DF2432947C84}"
EndProject
Project("{FAE04EC0-301F-11D3-BF4B-00C04F79EFBC}") = "NutriFit.Core", "Nutrifit.Core\NutriFit.Core.csproj", "{B05B0E9B-BAA0-4228-961A-BF3BCE47FAAB}"
EndProject
Project("{FAE04EC0-301F-11D3-BF4B-00C04F79EFBC}") = "NutriFit.MigrationService", "Nutrifit.MigrationService\NutriFit.MigrationService.csproj", "{29ABDA75-F842-48A3-A20A-3738ED143DAA}"
EndProject
Global
	GlobalSection(SolutionConfigurationPlatforms) = preSolution
		Debug|Any CPU = Debug|Any CPU
		Release|Any CPU = Release|Any CPU
	EndGlobalSection
	GlobalSection(ProjectConfigurationPlatforms) = postSolution
		{3C447FF4-F51F-450E-AE96-FFFD6EE6DC6B}.Debug|Any CPU.ActiveCfg = Debug|Any CPU
		{3C447FF4-F51F-450E-AE96-FFFD6EE6DC6B}.Debug|Any CPU.Build.0 = Debug|Any CPU
		{3C447FF4-F51F-450E-AE96-FFFD6EE6DC6B}.Release|Any CPU.ActiveCfg = Release|Any CPU
		{3C447FF4-F51F-450E-AE96-FFFD6EE6DC6B}.Release|Any CPU.Build.0 = Release|Any CPU
		{3089D5B5-D6C1-4B8D-8340-98C524468BEE}.Debug|Any CPU.ActiveCfg = Debug|Any CPU
		{3089D5B5-D6C1-4B8D-8340-98C524468BEE}.Debug|Any CPU.Build.0 = Debug|Any CPU
		{3089D5B5-D6C1-4B8D-8340-98C524468BEE}.Release|Any CPU.ActiveCfg = Release|Any CPU
		{3089D5B5-D6C1-4B8D-8340-98C524468BEE}.Release|Any CPU.Build.0 = Release|Any CPU
		{C37F7503-A6C6-4BA3-9046-D1E05A023F38}.Debug|Any CPU.ActiveCfg = Debug|Any CPU
		{C37F7503-A6C6-4BA3-9046-D1E05A023F38}.Debug|Any CPU.Build.0 = Debug|Any CPU
		{C37F7503-A6C6-4BA3-9046-D1E05A023F38}.Debug|Any CPU.Deploy.0 = Debug|Any CPU
		{C37F7503-A6C6-4BA3-9046-D1E05A023F38}.Release|Any CPU.ActiveCfg = Release|Any CPU
		{C37F7503-A6C6-4BA3-9046-D1E05A023F38}.Release|Any CPU.Build.0 = Release|Any CPU
		{C37F7503-A6C6-4BA3-9046-D1E05A023F38}.Release|Any CPU.Deploy.0 = Release|Any CPU
		{76A4BC08-C21D-49F1-8BE7-DF2432947C84}.Debug|Any CPU.ActiveCfg = Debug|Any CPU
		{76A4BC08-C21D-49F1-8BE7-DF2432947C84}.Debug|Any CPU.Build.0 = Debug|Any CPU
		{76A4BC08-C21D-49F1-8BE7-DF2432947C84}.Release|Any CPU.ActiveCfg = Release|Any CPU
		{76A4BC08-C21D-49F1-8BE7-DF2432947C84}.Release|Any CPU.Build.0 = Release|Any CPU
		{B05B0E9B-BAA0-4228-961A-BF3BCE47FAAB}.Debug|Any CPU.ActiveCfg = Debug|Any CPU
		{B05B0E9B-BAA0-4228-961A-BF3BCE47FAAB}.Debug|Any CPU.Build.0 = Debug|Any CPU
		{B05B0E9B-BAA0-4228-961A-BF3BCE47FAAB}.Release|Any CPU.ActiveCfg = Release|Any CPU
		{B05B0E9B-BAA0-4228-961A-BF3BCE47FAAB}.Release|Any CPU.Build.0 = Release|Any CPU
		{29ABDA75-F842-48A3-A20A-3738ED143DAA}.Debug|Any CPU.ActiveCfg = Debug|Any CPU
		{29ABDA75-F842-48A3-A20A-3738ED143DAA}.Debug|Any CPU.Build.0 = Debug|Any CPU
		{29ABDA75-F842-48A3-A20A-3738ED143DAA}.Release|Any CPU.ActiveCfg = Release|Any CPU
		{29ABDA75-F842-48A3-A20A-3738ED143DAA}.Release|Any CPU.Build.0 = Release|Any CPU
	EndGlobalSection
	GlobalSection(SolutionProperties) = preSolution
		HideSolutionNode = FALSE
	EndGlobalSection
	GlobalSection(NestedProjects) = preSolution
		{BFEE1042-794F-4B3F-A7A1-ED7775D75C9D} = {0DF4E28C-A6DB-40B5-AA01-A41214C264EC}
		{FB60A323-F7D2-491E-8F8D-17CD926AF054} = {BFEE1042-794F-4B3F-A7A1-ED7775D75C9D}
		{C37F7503-A6C6-4BA3-9046-D1E05A023F38} = {FB60A323-F7D2-491E-8F8D-17CD926AF054}
		{76A4BC08-C21D-49F1-8BE7-DF2432947C84} = {FB60A323-F7D2-491E-8F8D-17CD926AF054}
	EndGlobalSection
EndGlobal
