
Microsoft Visual Studio Solution File, Format Version 12.00
# Visual Studio Version 17
VisualStudioVersion = 17.12.35707.178
MinimumVisualStudioVersion = 10.0.40219.1
Project("{FAE04EC0-301F-11D3-BF4B-00C04F79EFBC}") = "NutriFit.AppHost", "NutriFit.AppHost\NutriFit.AppHost.csproj", "{3C447FF4-F51F-450E-AE96-FFFD6EE6DC6B}"
EndProject
Project("{FAE04EC0-301F-11D3-BF4B-00C04F79EFBC}") = "NutriFit.ServiceDefaults", "NutriFit.ServiceDefaults\NutriFit.ServiceDefaults.csproj", "{3089D5B5-D6C1-4B8D-8340-98C524468BEE}"
EndProject
Project("{2150E333-8FDC-42A3-9474-1A3956D46DE8}") = "Clients", "Clients", "{0DF4E28C-A6DB-40B5-AA01-A41214C264EC}"
EndProject
Project("{FAE04EC0-301F-11D3-BF4B-00C04F79EFBC}") = "NutriFit.MigrationService", "Nutrifit.MigrationService\NutriFit.MigrationService.csproj", "{29ABDA75-F842-48A3-A20A-3738ED143DAA}"
EndProject
Project("{2150E333-8FDC-42A3-9474-1A3956D46DE8}") = "Modules", "Modules", "{4ED0A6B7-B033-4C10-8740-AD02D2A64BC0}"
EndProject
Project("{2150E333-8FDC-42A3-9474-1A3956D46DE8}") = "Nutrition", "Nutrition", "{D03BABAE-F3E4-48E2-B3A7-FFAE890EB771}"
EndProject
Project("{2150E333-8FDC-42A3-9474-1A3956D46DE8}") = "WorkoutPlans", "WorkoutPlans", "{423A5B47-21A3-408E-9434-9563002C24EC}"
EndProject
Project("{2150E333-8FDC-42A3-9474-1A3956D46DE8}") = "SharedKernel", "SharedKernel", "{DC277939-895B-4DAE-B344-1B0355D17ADE}"
EndProject
Project("{FAE04EC0-301F-11D3-BF4B-00C04F79EFBC}") = "Nutrition.Domain", "Nutrition.Domain\Nutrition.Domain.csproj", "{C8436049-6BBF-4C88-880B-A2E76280ECD9}"
EndProject
Project("{FAE04EC0-301F-11D3-BF4B-00C04F79EFBC}") = "Nutrition.Infrastructure", "Nutrition.Infrastructure\Nutrition.Infrastructure.csproj", "{3D59A1EE-8E71-4B31-B0C0-2440D428F51A}"
EndProject
Project("{FAE04EC0-301F-11D3-BF4B-00C04F79EFBC}") = "Nutrition.Application", "Nutrition.Application\Nutrition.Application.csproj", "{CD528982-4B4A-424A-8EE1-103999DF4176}"
EndProject
Project("{FAE04EC0-301F-11D3-BF4B-00C04F79EFBC}") = "SharedKernel.Domain", "SharedKernel.Domain\SharedKernel.Domain.csproj", "{F067E3AF-6D8F-409A-857F-FDB60E0AE3D5}"
EndProject
Project("{FAE04EC0-301F-11D3-BF4B-00C04F79EFBC}") = "SharedKernel.Application", "SharedKernel.Application\SharedKernel.Application.csproj", "{64C2B1F7-E281-492D-A21F-B925A7AF5429}"
EndProject
Project("{FAE04EC0-301F-11D3-BF4B-00C04F79EFBC}") = "SharedKernel.Infrastructure", "SharedKernel.Infrastructure\SharedKernel.Infrastructure.csproj", "{FA01F1BC-81D9-4937-9DB1-7C3A837F9035}"
EndProject
Project("{FAE04EC0-301F-11D3-BF4B-00C04F79EFBC}") = "Nutrition.Api", "Nutrition.Api\Nutrition.Api.csproj", "{A9617F3F-BEB7-D67D-410E-7816FBE700E7}"
EndProject
Project("{2150E333-8FDC-42A3-9474-1A3956D46DE8}") = "Packages", "Packages", "{02EA681E-C7D8-13C7-8484-4AC65E1B71E8}"
EndProject
Project("{FAE04EC0-301F-11D3-BF4B-00C04F79EFBC}") = "Nutrition.Api.Contracts", "Nutrition.Api.Contracts\Nutrition.Api.Contracts.csproj", "{1A465BC4-980E-4E21-B044-31473793E4B4}"
EndProject
Project("{FAE04EC0-301F-11D3-BF4B-00C04F79EFBC}") = "NutriFit.BackendForFrontend", "NutriFit.BackendforFrontend\NutriFit.BackendForFrontend.csproj", "{2B341A04-DF42-FC12-0AA1-D4B27F5A2F15}"
EndProject
Global
	GlobalSection(SolutionConfigurationPlatforms) = preSolution
		Debug|Any CPU = Debug|Any CPU
		Release|Any CPU = Release|Any CPU
	EndGlobalSection
	GlobalSection(ProjectConfigurationPlatforms) = postSolution
		{3C447FF4-F51F-450E-AE96-FFFD6EE6DC6B}.Debug|Any CPU.ActiveCfg = Debug|Any CPU
		{3C447FF4-F51F-450E-AE96-FFFD6EE6DC6B}.Debug|Any CPU.Build.0 = Debug|Any CPU
		{3C447FF4-F51F-450E-AE96-FFFD6EE6DC6B}.Release|Any CPU.ActiveCfg = Release|Any CPU
		{3C447FF4-F51F-450E-AE96-FFFD6EE6DC6B}.Release|Any CPU.Build.0 = Release|Any CPU
		{3089D5B5-D6C1-4B8D-8340-98C524468BEE}.Debug|Any CPU.ActiveCfg = Debug|Any CPU
		{3089D5B5-D6C1-4B8D-8340-98C524468BEE}.Debug|Any CPU.Build.0 = Debug|Any CPU
		{3089D5B5-D6C1-4B8D-8340-98C524468BEE}.Release|Any CPU.ActiveCfg = Release|Any CPU
		{3089D5B5-D6C1-4B8D-8340-98C524468BEE}.Release|Any CPU.Build.0 = Release|Any CPU
		{29ABDA75-F842-48A3-A20A-3738ED143DAA}.Debug|Any CPU.ActiveCfg = Debug|Any CPU
		{29ABDA75-F842-48A3-A20A-3738ED143DAA}.Debug|Any CPU.Build.0 = Debug|Any CPU
		{29ABDA75-F842-48A3-A20A-3738ED143DAA}.Release|Any CPU.ActiveCfg = Release|Any CPU
		{29ABDA75-F842-48A3-A20A-3738ED143DAA}.Release|Any CPU.Build.0 = Release|Any CPU
		{C8436049-6BBF-4C88-880B-A2E76280ECD9}.Debug|Any CPU.ActiveCfg = Debug|Any CPU
		{C8436049-6BBF-4C88-880B-A2E76280ECD9}.Debug|Any CPU.Build.0 = Debug|Any CPU
		{C8436049-6BBF-4C88-880B-A2E76280ECD9}.Release|Any CPU.ActiveCfg = Release|Any CPU
		{C8436049-6BBF-4C88-880B-A2E76280ECD9}.Release|Any CPU.Build.0 = Release|Any CPU
		{3D59A1EE-8E71-4B31-B0C0-2440D428F51A}.Debug|Any CPU.ActiveCfg = Debug|Any CPU
		{3D59A1EE-8E71-4B31-B0C0-2440D428F51A}.Debug|Any CPU.Build.0 = Debug|Any CPU
		{3D59A1EE-8E71-4B31-B0C0-2440D428F51A}.Release|Any CPU.ActiveCfg = Release|Any CPU
		{3D59A1EE-8E71-4B31-B0C0-2440D428F51A}.Release|Any CPU.Build.0 = Release|Any CPU
		{CD528982-4B4A-424A-8EE1-103999DF4176}.Debug|Any CPU.ActiveCfg = Debug|Any CPU
		{CD528982-4B4A-424A-8EE1-103999DF4176}.Debug|Any CPU.Build.0 = Debug|Any CPU
		{CD528982-4B4A-424A-8EE1-103999DF4176}.Release|Any CPU.ActiveCfg = Release|Any CPU
		{CD528982-4B4A-424A-8EE1-103999DF4176}.Release|Any CPU.Build.0 = Release|Any CPU
		{F067E3AF-6D8F-409A-857F-FDB60E0AE3D5}.Debug|Any CPU.ActiveCfg = Debug|Any CPU
		{F067E3AF-6D8F-409A-857F-FDB60E0AE3D5}.Debug|Any CPU.Build.0 = Debug|Any CPU
		{F067E3AF-6D8F-409A-857F-FDB60E0AE3D5}.Release|Any CPU.ActiveCfg = Release|Any CPU
		{F067E3AF-6D8F-409A-857F-FDB60E0AE3D5}.Release|Any CPU.Build.0 = Release|Any CPU
		{64C2B1F7-E281-492D-A21F-B925A7AF5429}.Debug|Any CPU.ActiveCfg = Debug|Any CPU
		{64C2B1F7-E281-492D-A21F-B925A7AF5429}.Debug|Any CPU.Build.0 = Debug|Any CPU
		{64C2B1F7-E281-492D-A21F-B925A7AF5429}.Release|Any CPU.ActiveCfg = Release|Any CPU
		{64C2B1F7-E281-492D-A21F-B925A7AF5429}.Release|Any CPU.Build.0 = Release|Any CPU
		{FA01F1BC-81D9-4937-9DB1-7C3A837F9035}.Debug|Any CPU.ActiveCfg = Debug|Any CPU
		{FA01F1BC-81D9-4937-9DB1-7C3A837F9035}.Debug|Any CPU.Build.0 = Debug|Any CPU
		{FA01F1BC-81D9-4937-9DB1-7C3A837F9035}.Release|Any CPU.ActiveCfg = Release|Any CPU
		{FA01F1BC-81D9-4937-9DB1-7C3A837F9035}.Release|Any CPU.Build.0 = Release|Any CPU
		{A9617F3F-BEB7-D67D-410E-7816FBE700E7}.Debug|Any CPU.ActiveCfg = Debug|Any CPU
		{A9617F3F-BEB7-D67D-410E-7816FBE700E7}.Debug|Any CPU.Build.0 = Debug|Any CPU
		{A9617F3F-BEB7-D67D-410E-7816FBE700E7}.Release|Any CPU.ActiveCfg = Release|Any CPU
		{A9617F3F-BEB7-D67D-410E-7816FBE700E7}.Release|Any CPU.Build.0 = Release|Any CPU
		{1A465BC4-980E-4E21-B044-31473793E4B4}.Debug|Any CPU.ActiveCfg = Debug|Any CPU
		{1A465BC4-980E-4E21-B044-31473793E4B4}.Debug|Any CPU.Build.0 = Debug|Any CPU
		{1A465BC4-980E-4E21-B044-31473793E4B4}.Release|Any CPU.ActiveCfg = Release|Any CPU
		{1A465BC4-980E-4E21-B044-31473793E4B4}.Release|Any CPU.Build.0 = Release|Any CPU
		{2B341A04-DF42-FC12-0AA1-D4B27F5A2F15}.Debug|Any CPU.ActiveCfg = Debug|Any CPU
		{2B341A04-DF42-FC12-0AA1-D4B27F5A2F15}.Debug|Any CPU.Build.0 = Debug|Any CPU
		{2B341A04-DF42-FC12-0AA1-D4B27F5A2F15}.Release|Any CPU.ActiveCfg = Release|Any CPU
		{2B341A04-DF42-FC12-0AA1-D4B27F5A2F15}.Release|Any CPU.Build.0 = Release|Any CPU
	EndGlobalSection
	GlobalSection(SolutionProperties) = preSolution
		HideSolutionNode = FALSE
	EndGlobalSection
	GlobalSection(NestedProjects) = preSolution
		{D03BABAE-F3E4-48E2-B3A7-FFAE890EB771} = {4ED0A6B7-B033-4C10-8740-AD02D2A64BC0}
		{423A5B47-21A3-408E-9434-9563002C24EC} = {4ED0A6B7-B033-4C10-8740-AD02D2A64BC0}
		{DC277939-895B-4DAE-B344-1B0355D17ADE} = {4ED0A6B7-B033-4C10-8740-AD02D2A64BC0}
		{C8436049-6BBF-4C88-880B-A2E76280ECD9} = {D03BABAE-F3E4-48E2-B3A7-FFAE890EB771}
		{3D59A1EE-8E71-4B31-B0C0-2440D428F51A} = {D03BABAE-F3E4-48E2-B3A7-FFAE890EB771}
		{CD528982-4B4A-424A-8EE1-103999DF4176} = {D03BABAE-F3E4-48E2-B3A7-FFAE890EB771}
		{F067E3AF-6D8F-409A-857F-FDB60E0AE3D5} = {DC277939-895B-4DAE-B344-1B0355D17ADE}
		{64C2B1F7-E281-492D-A21F-B925A7AF5429} = {DC277939-895B-4DAE-B344-1B0355D17ADE}
		{FA01F1BC-81D9-4937-9DB1-7C3A837F9035} = {DC277939-895B-4DAE-B344-1B0355D17ADE}
		{A9617F3F-BEB7-D67D-410E-7816FBE700E7} = {D03BABAE-F3E4-48E2-B3A7-FFAE890EB771}
		{1A465BC4-980E-4E21-B044-31473793E4B4} = {02EA681E-C7D8-13C7-8484-4AC65E1B71E8}
		{2B341A04-DF42-FC12-0AA1-D4B27F5A2F15} = {0DF4E28C-A6DB-40B5-AA01-A41214C264EC}
	EndGlobalSection
	GlobalSection(ExtensibilityGlobals) = postSolution
		SolutionGuid = {39A99332-44AA-4F61-A6A4-5C1F6E6321E6}
	EndGlobalSection
EndGlobal
